// !$*UTF8*$!
{
	archiveVersion = 1;
	classes = {
	};
	objectVersion = 110;
	objects = {

/* Begin PBXBuildFile section */
		BFC6DE512FFF2AA700B6A651 /* Furcards.storekit in Resources */ = {isa = PBXBuildFile; fileRef = BFC6DE502FFF2AA700B6A651 /* Furcards.storekit */; };
		FC0000000000000000000002 /* FurcardsCore.xcframework in Frameworks */ = {isa = PBXBuildFile; fileRef = FC0000000000000000000001 /* FurcardsCore.xcframework */; };
/* End PBXBuildFile section */

/* Begin PBXContainerItemProxy section */
		FC000000000000000000000A /* PBXContainerItemProxy */ = {
			isa = PBXContainerItemProxy;
			containerPortal = BF5055A62FFE19B7002B700F /* Project object */;
			proxyType = 1;
			remoteGlobalIDString = BF5055AD2FFE19B7002B700F;
			remoteInfo = Furcards;
		};
/* End PBXContainerItemProxy section */

/* Begin PBXFileReference section */
		BF5055AE2FFE19B7002B700F /* Furcards.app */ = {isa = PBXFileReference; explicitFileType = wrapper.application; includeInIndex = 0; path = Furcards.app; sourceTree = BUILT_PRODUCTS_DIR; };
		BFC6DE502FFF2AA700B6A651 /* Furcards.storekit */ = {isa = PBXFileReference; lastKnownFileType = text; path = Furcards.storekit; sourceTree = "<group>"; };
		FC0000000000000000000001 /* FurcardsCore.xcframework */ = {isa = PBXFileReference; lastKnownFileType = wrapper.xcframework; name = FurcardsCore.xcframework; path = Frameworks/FurcardsCore.xcframework; sourceTree = "<group>"; };
		FC0000000000000000000003 /* FurcardsTests.xctest */ = {isa = PBXFileReference; explicitFileType = wrapper.cfbundle; includeInIndex = 0; path = FurcardsTests.xctest; sourceTree = BUILT_PRODUCTS_DIR; };
/* End PBXFileReference section */

/* Begin PBXFileSystemSynchronizedBuildFileExceptionSet section */
		BFC6DE2B2FFEDE5E00B6A651 /* Exceptions for "Furcards" folder in "Furcards" target */ = {
			isa = PBXFileSystemSynchronizedBuildFileExceptionSet;
			membershipExceptions = (
				Info.plist,
			);
			target = BF5055AD2FFE19B7002B700F /* Furcards */;
		};
/* End PBXFileSystemSynchronizedBuildFileExceptionSet section */

/* Begin PBXFileSystemSynchronizedRootGroup section */
		BF5055B02FFE19B7002B700F /* Furcards */ = {
			isa = PBXFileSystemSynchronizedRootGroup;
			exceptions = (
				BFC6DE2B2FFEDE5E00B6A651 /* Exceptions for "Furcards" folder in "Furcards" target */,
			);
			path = Furcards;
			sourceTree = "<group>";
		};
		FC0000000000000000000004 /* FurcardsTests */ = {
			isa = PBXFileSystemSynchronizedRootGroup;
			path = FurcardsTests;
			sourceTree = "<group>";
		};
/* End PBXFileSystemSynchronizedRootGroup section */

/* Begin PBXFrameworksBuildPhase section */
		BF5055AB2FFE19B7002B700F /* Frameworks */ = {
			isa = PBXFrameworksBuildPhase;
			files = (
				FC0000000000000000000002 /* FurcardsCore.xcframework in Frameworks */,
			);
		};
		FC0000000000000000000007 /* Frameworks */ = {
			isa = PBXFrameworksBuildPhase;
			files = (
			);
		};
/* End PBXFrameworksBuildPhase section */

/* Begin PBXGroup section */
		BF5055A52FFE19B7002B700F = {
			isa = PBXGroup;
			children = (
				BF5055B02FFE19B7002B700F /* Furcards */,
				FC0000000000000000000004 /* FurcardsTests */,
				FC0000000000000000000001 /* FurcardsCore.xcframework */,
				BFC6DE502FFF2AA700B6A651 /* Furcards.storekit */,
				BF5055AF2FFE19B7002B700F /* Products */,
			);
			sourceTree = "<group>";
		};
		BF5055AF2FFE19B7002B700F /* Products */ = {
			isa = PBXGroup;
			children = (
				BF5055AE2FFE19B7002B700F /* Furcards.app */,
				FC0000000000000000000003 /* FurcardsTests.xctest */,
			);
			name = Products;
			sourceTree = "<group>";
		};
/* End PBXGroup section */

/* Begin PBXNativeTarget section */
		BF5055AD2FFE19B7002B700F /* Furcards */ = {
			isa = PBXNativeTarget;
			buildConfigurationList = BF5055B92FFE19B7002B700F /* Build configuration list for PBXNativeTarget "Furcards" */;
			buildPhases = (
				BF5055AA2FFE19B7002B700F /* Sources */,
				BF5055AB2FFE19B7002B700F /* Frameworks */,
				BF5055AC2FFE19B7002B700F /* Resources */,
			);
			buildRules = (
			);
			fileSystemSynchronizedGroups = (
				BF5055B02FFE19B7002B700F /* Furcards */,
			);
			name = Furcards;
			productName = Furcards;
			productReference = BF5055AE2FFE19B7002B700F /* Furcards.app */;
			productType = "com.apple.product-type.application";
		};
		FC0000000000000000000005 /* FurcardsTests */ = {
			isa = PBXNativeTarget;
			buildConfigurationList = FC000000000000000000000B /* Build configuration list for PBXNativeTarget "FurcardsTests" */;
			buildPhases = (
				FC0000000000000000000006 /* Sources */,
				FC0000000000000000000007 /* Frameworks */,
				FC0000000000000000000008 /* Resources */,
			);
			buildRules = (
			);
			dependencies = (
				FC0000000000000000000009 /* PBXTargetDependency */,
			);
			fileSystemSynchronizedGroups = (
				FC0000000000000000000004 /* FurcardsTests */,
			);
			name = FurcardsTests;
			productName = FurcardsTests;
			productReference = FC0000000000000000000003 /* FurcardsTests.xctest */;
			productType = "com.apple.product-type.bundle.unit-test";
		};
/* End PBXNativeTarget section */

/* Begin PBXProject section */
		BF5055A62FFE19B7002B700F /* Project object */ = {
			isa = PBXProject;
			attributes = {
				BuildIndependentTargetsInParallel = 1;
				LastSwiftUpdateCheck = 2700;
				LastUpgradeCheck = 2700;
				TargetAttributes = {
					BF5055AD2FFE19B7002B700F = {
						CreatedOnToolsVersion = 27.0;
					};
					FC0000000000000000000005 = {
						CreatedOnToolsVersion = 27.0;
						TestTargetID = BF5055AD2FFE19B7002B700F;
					};
				};
			};
			buildConfigurationList = BF5055A92FFE19B7002B700F /* Build configuration list for PBXProject "Furcards" */;
			developmentRegion = en;
			hasScannedForEncodings = 0;
			knownRegions = (
				en,
				Base,
			);
			mainGroup = BF5055A52FFE19B7002B700F;
			minimizedProjectReferenceProxies = 1;
			preferredProjectObjectVersion = 77;
			productRefGroup = BF5055AF2FFE19B7002B700F /* Products */;
			projectDirPath = "";
			projectRoot = "";
			targets = (
				BF5055AD2FFE19B7002B700F /* Furcards */,
				FC0000000000000000000005 /* FurcardsTests */,
			);
		};
/* End PBXProject section */

/* Begin PBXResourcesBuildPhase section */
		BF5055AC2FFE19B7002B700F /* Resources */ = {
			isa = PBXResourcesBuildPhase;
			files = (
				BFC6DE512FFF2AA700B6A651 /* Furcards.storekit in Resources */,
			);
		};
		FC0000000000000000000008 /* Resources */ = {
			isa = PBXResourcesBuildPhase;
			files = (
			);
		};
/* End PBXResourcesBuildPhase section */

/* Begin PBXSourcesBuildPhase section */
		BF5055AA2FFE19B7002B700F /* Sources */ = {
			isa = PBXSourcesBuildPhase;
			files = (
			);
		};
		FC0000000000000000000006 /* Sources */ = {
			isa = PBXSourcesBuildPhase;
			files = (
			);
		};
/* End PBXSourcesBuildPhase section */

/* Begin PBXTargetDependency section */
		FC0000000000000000000009 /* PBXTargetDependency */ = {
			isa = PBXTargetDependency;
			target = BF5055AD2FFE19B7002B700F /* Furcards */;
			targetProxy = FC000000000000000000000A /* PBXContainerItemProxy */;
		};
/* End PBXTargetDependency section */

/* Begin XCBuildConfiguration section */
		BF5055B72FFE19B7002B700F /* Debug configuration for PBXProject "Furcards" */ = {
			isa = XCBuildConfiguration;
			buildSettings = {
				ALWAYS_SEARCH_USER_PATHS = NO;
				ASSETCATALOG_COMPILER_GENERATE_SWIFT_ASSET_SYMBOL_EXTENSIONS = YES;
				CLANG_ANALYZER_NONNULL = YES;
				CLANG_ANALYZER_NUMBER_OBJECT_CONVERSION = YES_AGGRESSIVE;
				CLANG_CXX_LANGUAGE_STANDARD = "gnu++20";
				CLANG_ENABLE_MODULES = YES;
				CLANG_ENABLE_OBJC_ARC = YES;
				CLANG_ENABLE_OBJC_WEAK = YES;
				CLANG_WARN_BLOCK_CAPTURE_AUTORELEASING = YES;
				CLANG_WARN_BOOL_CONVERSION = YES;
				CLANG_WARN_COMMA = YES;
				CLANG_WARN_CONSTANT_CONVERSION = YES;
				CLANG_WARN_DEPRECATED_OBJC_IMPLEMENTATIONS = YES;
				CLANG_WARN_DIRECT_OBJC_ISA_USAGE = YES_ERROR;
				CLANG_WARN_DOCUMENTATION_COMMENTS = YES;
				CLANG_WARN_EMPTY_BODY = YES;
				CLANG_WARN_ENUM_CONVERSION = YES;
				CLANG_WARN_INFINITE_RECURSION = YES;
				CLANG_WARN_INT_CONVERSION = YES;
				CLANG_WARN_NON_LITERAL_NULL_CONVERSION = YES;
				CLANG_WARN_OBJC_IMPLICIT_RETAIN_SELF = YES;
				CLANG_WARN_OBJC_LITERAL_CONVERSION = YES;
				CLANG_WARN_OBJC_ROOT_CLASS = YES_ERROR;
				CLANG_WARN_QUOTED_INCLUDE_IN_FRAMEWORK_HEADER = YES;
				CLANG_WARN_RANGE_LOOP_ANALYSIS = YES;
				CLANG_WARN_STRICT_PROTOTYPES = YES;
				CLANG_WARN_SUSPICIOUS_MOVE = YES;
				CLANG_WARN_UNGUARDED_AVAILABILITY = YES_AGGRESSIVE;
				CLANG_WARN_UNREACHABLE_CODE = YES;
				CLANG_WARN__DUPLICATE_METHOD_MATCH = YES;
				COPY_PHASE_STRIP = NO;
				DEBUG_INFORMATION_FORMAT = dwarf;
				DEVELOPMENT_TEAM = 44LAW4UL9G;
				ENABLE_STRICT_OBJC_MSGSEND = YES;
				ENABLE_TESTABILITY = YES;
				ENABLE_USER_SCRIPT_SANDBOXING = YES;
				GCC_C_LANGUAGE_STANDARD = gnu17;
				GCC_DYNAMIC_NO_PIC = NO;
				GCC_NO_COMMON_BLOCKS = YES;
				GCC_OPTIMIZATION_LEVEL = 0;
				GCC_PREPROCESSOR_DEFINITIONS = (
					"DEBUG=1",
					"$(inherited)",
				);
				GCC_WARN_64_TO_32_BIT_CONVERSION = YES;
				GCC_WARN_ABOUT_RETURN_TYPE = YES_ERROR;
				GCC_WARN_UNDECLARED_SELECTOR = YES;
				GCC_WARN_UNINITIALIZED_AUTOS = YES_AGGRESSIVE;
				GCC_WARN_UNUSED_FUNCTION = YES;
				GCC_WARN_UNUSED_VARIABLE = YES;
				IPHONEOS_DEPLOYMENT_TARGET = 17.0;
				LOCALIZATION_PREFERS_STRING_CATALOGS = YES;
				MTL_ENABLE_DEBUG_INFO = INCLUDE_SOURCE;
				MTL_FAST_MATH = YES;
				ONLY_ACTIVE_ARCH = YES;
				SDKROOT = iphoneos;
				SWIFT_ACTIVE_COMPILATION_CONDITIONS = "DEBUG $(inherited)";
				SWIFT_OPTIMIZATION_LEVEL = "-Onone";
			};
			name = Debug;
		};
		BF5055B82FFE19B7002B700F /* Release configuration for PBXProject "Furcards" */ = {
			isa = XCBuildConfiguration;
			buildSettings = {
				ALWAYS_SEARCH_USER_PATHS = NO;
				ASSETCATALOG_COMPILER_GENERATE_SWIFT_ASSET_SYMBOL_EXTENSIONS = YES;
				CLANG_ANALYZER_NONNULL = YES;
				CLANG_ANALYZER_NUMBER_OBJECT_CONVERSION = YES_AGGRESSIVE;
				CLANG_CXX_LANGUAGE_STANDARD = "gnu++20";
				CLANG_ENABLE_MODULES = YES;
				CLANG_ENABLE_OBJC_ARC = YES;
				CLANG_ENABLE_OBJC_WEAK = YES;
				CLANG_WARN_BLOCK_CAPTURE_AUTORELEASING = YES;
				CLANG_WARN_BOOL_CONVERSION = YES;
				CLANG_WARN_COMMA = YES;
				CLANG_WARN_CONSTANT_CONVERSION = YES;
				CLANG_WARN_DEPRECATED_OBJC_IMPLEMENTATIONS = YES;
				CLANG_WARN_DIRECT_OBJC_ISA_USAGE = YES_ERROR;
				CLANG_WARN_DOCUMENTATION_COMMENTS = YES;
				CLANG_WARN_EMPTY_BODY = YES;
				CLANG_WARN_ENUM_CONVERSION = YES;
				CLANG_WARN_INFINITE_RECURSION = YES;
				CLANG_WARN_INT_CONVERSION = YES;
				CLANG_WARN_NON_LITERAL_NULL_CONVERSION = YES;
				CLANG_WARN_OBJC_IMPLICIT_RETAIN_SELF = YES;
				CLANG_WARN_OBJC_LITERAL_CONVERSION = YES;
				CLANG_WARN_OBJC_ROOT_CLASS = YES_ERROR;
				CLANG_WARN_QUOTED_INCLUDE_IN_FRAMEWORK_HEADER = YES;
				CLANG_WARN_RANGE_LOOP_ANALYSIS = YES;
				CLANG_WARN_STRICT_PROTOTYPES = YES;
				CLANG_WARN_SUSPICIOUS_MOVE = YES;
				CLANG_WARN_UNGUARDED_AVAILABILITY = YES_AGGRESSIVE;
				CLANG_WARN_UNREACHABLE_CODE = YES;
				CLANG_WARN__DUPLICATE_METHOD_MATCH = YES;
				COPY_PHASE_STRIP = NO;
				DEBUG_INFORMATION_FORMAT = "dwarf-with-dsym";
				DEVELOPMENT_TEAM = 44LAW4UL9G;
				ENABLE_NS_ASSERTIONS = NO;
				ENABLE_STRICT_OBJC_MSGSEND = YES;
				ENABLE_USER_SCRIPT_SANDBOXING = YES;
				GCC_C_LANGUAGE_STANDARD = gnu17;
				GCC_NO_COMMON_BLOCKS = YES;
				GCC_WARN_64_TO_32_BIT_CONVERSION = YES;
				GCC_WARN_ABOUT_RETURN_TYPE = YES_ERROR;
				GCC_WARN_UNDECLARED_SELECTOR = YES;
				GCC_WARN_UNINITIALIZED_AUTOS = YES_AGGRESSIVE;
				GCC_WARN_UNUSED_FUNCTION = YES;
				GCC_WARN_UNUSED_VARIABLE = YES;
				IPHONEOS_DEPLOYMENT_TARGET = 17.0;
				LOCALIZATION_PREFERS_STRING_CATALOGS = YES;
				MTL_ENABLE_DEBUG_INFO = NO;
				MTL_FAST_MATH = YES;
				SDKROOT = iphoneos;
				SWIFT_COMPILATION_MODE = wholemodule;
				VALIDATE_PRODUCT = YES;
			};
			name = Release;
		};
		BF5055BA2FFE19B7002B700F /* Debug configuration for PBXNativeTarget "Furcards" */ = {
			isa = XCBuildConfiguration;
			buildSettings = {
				ASSETCATALOG_COMPILER_APPICON_NAME = AppIcon;
				ASSETCATALOG_COMPILER_GLOBAL_ACCENT_COLOR_NAME = AccentColor;
				CODE_SIGN_ENTITLEMENTS = Furcards/Furcards.entitlements;
				CODE_SIGN_IDENTITY = "Apple Development";
				CODE_SIGN_STYLE = Automatic;
				CURRENT_PROJECT_VERSION = 9;
				DEVELOPMENT_TEAM = 44LAW4UL9G;
				ENABLE_PREVIEWS = YES;
				"EXCLUDED_ARCHS[sdk=iphonesimulator*]" = x86_64;
				GENERATE_INFOPLIST_FILE = YES;
				INFOPLIST_FILE = Furcards/Info.plist;
				INFOPLIST_KEY_CFBundleDisplayName = Furcards;
				INFOPLIST_KEY_LSApplicationCategoryType = "public.app-category.social-networking";
				INFOPLIST_KEY_NSBluetoothAlwaysUsageDescription = "Furcards trades cards with people near you, phone-to-phone over Bluetooth. Nothing ever leaves the devices involved.";
				INFOPLIST_KEY_NSLocationWhenInUseUsageDescription = "Furcards only checks your location when an encounter is saved, so cards can remember where you met — the city for walk-bys, the exact spot for bumps.";
				INFOPLIST_KEY_UIApplicationSceneManifest_Generation = YES;
				INFOPLIST_KEY_UIApplicationSupportsIndirectInputEvents = YES;
				INFOPLIST_KEY_UILaunchScreen_Generation = YES;
				INFOPLIST_KEY_UISupportedInterfaceOrientations = UIInterfaceOrientationPortrait;
				INFOPLIST_KEY_UISupportedInterfaceOrientations_iPad = "UIInterfaceOrientationLandscapeLeft UIInterfaceOrientationLandscapeRight UIInterfaceOrientationPortrait UIInterfaceOrientationPortraitUpsideDown";
				INFOPLIST_KEY_UIUserInterfaceStyle = Dark;
				IPHONEOS_DEPLOYMENT_TARGET = 18.6;
				LD_RUNPATH_SEARCH_PATHS = (
					"$(inherited)",
					"@executable_path/Frameworks",
				);
				MARKETING_VERSION = 1.0;
				PRODUCT_BUNDLE_IDENTIFIER = com.fulltimefeline.furcards;
				PRODUCT_NAME = "$(TARGET_NAME)";
				PROVISIONING_PROFILE_SPECIFIER = "";
				STRING_CATALOG_GENERATE_SYMBOLS = YES;
				SUPPORTED_PLATFORMS = "iphoneos iphonesimulator";
				SUPPORTS_MACCATALYST = NO;
				SUPPORTS_MAC_DESIGNED_FOR_IPHONE_IPAD = NO;
				SUPPORTS_XR_DESIGNED_FOR_IPHONE_IPAD = NO;
				SWIFT_APPROACHABLE_CONCURRENCY = YES;
				SWIFT_DEFAULT_ACTOR_ISOLATION = MainActor;
				SWIFT_EMIT_LOC_STRINGS = YES;
				SWIFT_UPCOMING_FEATURE_MEMBER_IMPORT_VISIBILITY = YES;
				SWIFT_VERSION = 5.0;
				TARGETED_DEVICE_FAMILY = 1;
			};
			name = Debug;
		};
		BF5055BB2FFE19B7002B700F /* Release configuration for PBXNativeTarget "Furcards" */ = {
			isa = XCBuildConfiguration;
			buildSettings = {
				ASSETCATALOG_COMPILER_APPICON_NAME = AppIcon;
				ASSETCATALOG_COMPILER_GLOBAL_ACCENT_COLOR_NAME = AccentColor;
				CODE_SIGN_ENTITLEMENTS = Furcards/Furcards.entitlements;
				CODE_SIGN_IDENTITY = "Apple Development";
				CODE_SIGN_STYLE = Automatic;
				CURRENT_PROJECT_VERSION = 9;
				DEVELOPMENT_TEAM = 44LAW4UL9G;
				ENABLE_PREVIEWS = YES;
				"EXCLUDED_ARCHS[sdk=iphonesimulator*]" = x86_64;
				GENERATE_INFOPLIST_FILE = YES;
				INFOPLIST_FILE = Furcards/Info.plist;
				INFOPLIST_KEY_CFBundleDisplayName = Furcards;
				INFOPLIST_KEY_LSApplicationCategoryType = "public.app-category.social-networking";
				INFOPLIST_KEY_NSBluetoothAlwaysUsageDescription = "Furcards trades cards with people near you, phone-to-phone over Bluetooth. Nothing ever leaves the devices involved.";
				INFOPLIST_KEY_NSLocationWhenInUseUsageDescription = "Furcards only checks your location when an encounter is saved, so cards can remember where you met — the city for walk-bys, the exact spot for bumps.";
				INFOPLIST_KEY_UIApplicationSceneManifest_Generation = YES;
				INFOPLIST_KEY_UIApplicationSupportsIndirectInputEvents = YES;
				INFOPLIST_KEY_UILaunchScreen_Generation = YES;
				INFOPLIST_KEY_UISupportedInterfaceOrientations = UIInterfaceOrientationPortrait;
				INFOPLIST_KEY_UISupportedInterfaceOrientations_iPad = "UIInterfaceOrientationLandscapeLeft UIInterfaceOrientationLandscapeRight UIInterfaceOrientationPortrait UIInterfaceOrientationPortraitUpsideDown";
				INFOPLIST_KEY_UIUserInterfaceStyle = Dark;
				IPHONEOS_DEPLOYMENT_TARGET = 18.6;
				LD_RUNPATH_SEARCH_PATHS = (
					"$(inherited)",
					"@executable_path/Frameworks",
				);
				MARKETING_VERSION = 1.0;
				PRODUCT_BUNDLE_IDENTIFIER = com.fulltimefeline.furcards;
				PRODUCT_NAME = "$(TARGET_NAME)";
				PROVISIONING_PROFILE_SPECIFIER = "";
				STRING_CATALOG_GENERATE_SYMBOLS = YES;
				SUPPORTED_PLATFORMS = "iphoneos iphonesimulator";
				SUPPORTS_MACCATALYST = NO;
				SUPPORTS_MAC_DESIGNED_FOR_IPHONE_IPAD = NO;
				SUPPORTS_XR_DESIGNED_FOR_IPHONE_IPAD = NO;
				SWIFT_APPROACHABLE_CONCURRENCY = YES;
				SWIFT_DEFAULT_ACTOR_ISOLATION = MainActor;
				SWIFT_EMIT_LOC_STRINGS = YES;
				SWIFT_UPCOMING_FEATURE_MEMBER_IMPORT_VISIBILITY = YES;
				SWIFT_VERSION = 5.0;
				TARGETED_DEVICE_FAMILY = 1;
			};
			name = Release;
		};
		FC000000000000000000000C /* Debug configuration for PBXNativeTarget "FurcardsTests" */ = {
			isa = XCBuildConfiguration;
			buildSettings = {
				BUNDLE_LOADER = "$(TEST_HOST)";
				CODE_SIGN_STYLE = Automatic;
				CURRENT_PROJECT_VERSION = 1;
				DEVELOPMENT_TEAM = 44LAW4UL9G;
				"EXCLUDED_ARCHS[sdk=iphonesimulator*]" = x86_64;
				FRAMEWORK_SEARCH_PATHS = (
					"$(inherited)",
					"$(PROJECT_DIR)/Frameworks/FurcardsCore.xcframework/ios-arm64$(LLVM_TARGET_TRIPLE_SUFFIX)",
				);
				GENERATE_INFOPLIST_FILE = YES;
				IPHONEOS_DEPLOYMENT_TARGET = 17.0;
				MARKETING_VERSION = 1.0;
				PRODUCT_BUNDLE_IDENTIFIER = com.fulltimefeline.furcardsTests;
				PRODUCT_NAME = "$(TARGET_NAME)";
				SWIFT_APPROACHABLE_CONCURRENCY = YES;
				SWIFT_DEFAULT_ACTOR_ISOLATION = MainActor;
				SWIFT_EMIT_LOC_STRINGS = NO;
				SWIFT_VERSION = 5.0;
				TARGETED_DEVICE_FAMILY = 1;
				TEST_HOST = "$(BUILT_PRODUCTS_DIR)/Furcards.app/$(BUNDLE_EXECUTABLE_FOLDER_PATH)/Furcards";
			};
			name = Debug;
		};
		FC000000000000000000000D /* Release configuration for PBXNativeTarget "FurcardsTests" */ = {
			isa = XCBuildConfiguration;
			buildSettings = {
				BUNDLE_LOADER = "$(TEST_HOST)";
				CODE_SIGN_STYLE = Automatic;
				CURRENT_PROJECT_VERSION = 1;
				DEVELOPMENT_TEAM = 44LAW4UL9G;
				"EXCLUDED_ARCHS[sdk=iphonesimulator*]" = x86_64;
				FRAMEWORK_SEARCH_PATHS = (
					"$(inherited)",
					"$(PROJECT_DIR)/Frameworks/FurcardsCore.xcframework/ios-arm64$(LLVM_TARGET_TRIPLE_SUFFIX)",
				);
				GENERATE_INFOPLIST_FILE = YES;
				IPHONEOS_DEPLOYMENT_TARGET = 17.0;
				MARKETING_VERSION = 1.0;
				PRODUCT_BUNDLE_IDENTIFIER = com.fulltimefeline.furcardsTests;
				PRODUCT_NAME = "$(TARGET_NAME)";
				SWIFT_APPROACHABLE_CONCURRENCY = YES;
				SWIFT_DEFAULT_ACTOR_ISOLATION = MainActor;
				SWIFT_EMIT_LOC_STRINGS = NO;
				SWIFT_VERSION = 5.0;
				TARGETED_DEVICE_FAMILY = 1;
				TEST_HOST = "$(BUILT_PRODUCTS_DIR)/Furcards.app/$(BUNDLE_EXECUTABLE_FOLDER_PATH)/Furcards";
			};
			name = Release;
		};
/* End XCBuildConfiguration section */

/* Begin XCConfigurationList section */
		BF5055A92FFE19B7002B700F /* Build configuration list for PBXProject "Furcards" */ = {
			isa = XCConfigurationList;
			buildConfigurations = (
				BF5055B72FFE19B7002B700F /* Debug configuration for PBXProject "Furcards" */,
				BF5055B82FFE19B7002B700F /* Release configuration for PBXProject "Furcards" */,
			);
			defaultConfigurationName = Release;
		};
		BF5055B92FFE19B7002B700F /* Build configuration list for PBXNativeTarget "Furcards" */ = {
			isa = XCConfigurationList;
			buildConfigurations = (
				BF5055BA2FFE19B7002B700F /* Debug configuration for PBXNativeTarget "Furcards" */,
				BF5055BB2FFE19B7002B700F /* Release configuration for PBXNativeTarget "Furcards" */,
			);
			defaultConfigurationName = Release;
		};
		FC000000000000000000000B /* Build configuration list for PBXNativeTarget "FurcardsTests" */ = {
			isa = XCConfigurationList;
			buildConfigurations = (
				FC000000000000000000000C /* Debug configuration for PBXNativeTarget "FurcardsTests" */,
				FC000000000000000000000D /* Release configuration for PBXNativeTarget "FurcardsTests" */,
			);
			defaultConfigurationName = Release;
		};
/* End XCConfigurationList section */
	};
	rootObject = BF5055A62FFE19B7002B700F /* Project object */;
	validationLevel = 1;
}
